
Microsoft Visual Studio Solution File, Format Version 12.00
# Visual Studio 2013
VisualStudioVersion = 12.0.31101.0
MinimumVisualStudioVersion = 10.0.40219.1
Project("{8BC9CEB8-8B4A-11D0-8D11-00A0C91BC942}") = "CrazyNate", "CrazyNate\CrazyNate.vcxproj", "{65CB968A-6EE7-4495-946B-D6825DC68CC5}"
EndProject
Project("{FAE04EC0-301F-11D3-BF4B-00C04F79EFBC}") = "CrazyNateManaged", "CrazyNateManaged\CrazyNateManaged.csproj", "{3768A458-B071-479A-B1AD-35E315C7015D}"
	ProjectSection(ProjectDependencies) = postProject
		{65CB968A-6EE7-4495-946B-D6825DC68CC5} = {65CB968A-6EE7-4495-946B-D6825DC68CC5}
	EndProjectSection
EndProject
Project("{FAE04EC0-301F-11D3-BF4B-00C04F79EFBC}") = "CrazyNateSandboxInjector", "CrazyNateSandboxInjector\CrazyNateSandboxInjector.csproj", "{DBA11783-C508-4FE3-87CB-AF7B040913FA}"
EndProject
Project("{FAE04EC0-301F-11D3-BF4B-00C04F79EFBC}") = "CrazyNateSandbox20", "CrazyNateSandbox20\CrazyNateSandbox20.csproj", "{B175A1D3-BDC7-45D3-86D9-C089536B1681}"
EndProject
Project("{FAE04EC0-301F-11D3-BF4B-00C04F79EFBC}") = "CrazyNateSandbox451", "CrazyNateSandbox451\CrazyNateSandbox451.csproj", "{635D3C96-C727-4E45-B923-F09BA22BCB60}"
EndProject
Project("{FAE04EC0-301F-11D3-BF4B-00C04F79EFBC}") = "CrazyNateSelfLauncher", "CrazyNateSelfLauncher\CrazyNateSelfLauncher.csproj", "{F41BAE18-ADFB-40C0-B9A7-413A8DEC04C2}"
EndProject
Project("{FAE04EC0-301F-11D3-BF4B-00C04F79EFBC}") = "CrazyNateSharpDisasm", "SharpDisasm\SharpDisasm\CrazyNateSharpDisasm.csproj", "{D828384E-0251-44C4-8BF2-3608FD3DD2CD}"
EndProject
Project("{FAE04EC0-301F-11D3-BF4B-00C04F79EFBC}") = "CrazyNateTests", "CrazyNateTests\CrazyNateTests.csproj", "{8967DD06-1E01-4723-9B0D-C4533911CA38}"
EndProject
Project("{2150E333-8FDC-42A3-9474-1A3956D46DE8}") = "Test", "Test", "{3B236806-E0BF-4D8D-81F9-C884F3D78D50}"
EndProject
Project("{8BC9CEB8-8B4A-11D0-8D11-00A0C91BC942}") = "AssemblyCreateInstance", "AssemblyCreateInstance\AssemblyCreateInstance.vcxproj", "{B532F703-2F9D-4111-AB2B-7316C5EF738D}"
	ProjectSection(ProjectDependencies) = postProject
		{FDFC1DC6-9ECA-4DB1-BA64-FFBC4B8BF4D6} = {FDFC1DC6-9ECA-4DB1-BA64-FFBC4B8BF4D6}
	EndProjectSection
EndProject
Project("{FAE04EC0-301F-11D3-BF4B-00C04F79EFBC}") = "FizzBuzz", "FizzBuzz\FizzBuzz.csproj", "{FDFC1DC6-9ECA-4DB1-BA64-FFBC4B8BF4D6}"
EndProject
Global
	GlobalSection(SolutionConfigurationPlatforms) = preSolution
		Debug|Any CPU = Debug|Any CPU
		Debug|Mixed Platforms = Debug|Mixed Platforms
		Debug|Win32 = Debug|Win32
		Debug|x86 = Debug|x86
		Release|Any CPU = Release|Any CPU
		Release|Mixed Platforms = Release|Mixed Platforms
		Release|Win32 = Release|Win32
		Release|x86 = Release|x86
	EndGlobalSection
	GlobalSection(ProjectConfigurationPlatforms) = postSolution
		{65CB968A-6EE7-4495-946B-D6825DC68CC5}.Debug|Any CPU.ActiveCfg = Debug|Win32
		{65CB968A-6EE7-4495-946B-D6825DC68CC5}.Debug|Mixed Platforms.ActiveCfg = Debug|Win32
		{65CB968A-6EE7-4495-946B-D6825DC68CC5}.Debug|Mixed Platforms.Build.0 = Debug|Win32
		{65CB968A-6EE7-4495-946B-D6825DC68CC5}.Debug|Win32.ActiveCfg = Debug|Win32
		{65CB968A-6EE7-4495-946B-D6825DC68CC5}.Debug|Win32.Build.0 = Debug|Win32
		{65CB968A-6EE7-4495-946B-D6825DC68CC5}.Debug|x86.ActiveCfg = Debug|Win32
		{65CB968A-6EE7-4495-946B-D6825DC68CC5}.Debug|x86.Build.0 = Debug|Win32
		{65CB968A-6EE7-4495-946B-D6825DC68CC5}.Release|Any CPU.ActiveCfg = Release|Win32
		{65CB968A-6EE7-4495-946B-D6825DC68CC5}.Release|Mixed Platforms.ActiveCfg = Release|Win32
		{65CB968A-6EE7-4495-946B-D6825DC68CC5}.Release|Mixed Platforms.Build.0 = Release|Win32
		{65CB968A-6EE7-4495-946B-D6825DC68CC5}.Release|Win32.ActiveCfg = Release|Win32
		{65CB968A-6EE7-4495-946B-D6825DC68CC5}.Release|Win32.Build.0 = Release|Win32
		{65CB968A-6EE7-4495-946B-D6825DC68CC5}.Release|x86.ActiveCfg = Release|Win32
		{65CB968A-6EE7-4495-946B-D6825DC68CC5}.Release|x86.Build.0 = Release|Win32
		{3768A458-B071-479A-B1AD-35E315C7015D}.Debug|Any CPU.ActiveCfg = Debug|x86
		{3768A458-B071-479A-B1AD-35E315C7015D}.Debug|Mixed Platforms.ActiveCfg = Debug|x86
		{3768A458-B071-479A-B1AD-35E315C7015D}.Debug|Mixed Platforms.Build.0 = Debug|x86
		{3768A458-B071-479A-B1AD-35E315C7015D}.Debug|Win32.ActiveCfg = Debug|x86
		{3768A458-B071-479A-B1AD-35E315C7015D}.Debug|Win32.Build.0 = Debug|x86
		{3768A458-B071-479A-B1AD-35E315C7015D}.Debug|x86.ActiveCfg = Debug|x86
		{3768A458-B071-479A-B1AD-35E315C7015D}.Debug|x86.Build.0 = Debug|x86
		{3768A458-B071-479A-B1AD-35E315C7015D}.Release|Any CPU.ActiveCfg = Release|x86
		{3768A458-B071-479A-B1AD-35E315C7015D}.Release|Mixed Platforms.ActiveCfg = Release|x86
		{3768A458-B071-479A-B1AD-35E315C7015D}.Release|Mixed Platforms.Build.0 = Release|x86
		{3768A458-B071-479A-B1AD-35E315C7015D}.Release|Win32.ActiveCfg = Release|x86
		{3768A458-B071-479A-B1AD-35E315C7015D}.Release|Win32.Build.0 = Release|x86
		{3768A458-B071-479A-B1AD-35E315C7015D}.Release|x86.ActiveCfg = Release|x86
		{3768A458-B071-479A-B1AD-35E315C7015D}.Release|x86.Build.0 = Release|x86
		{DBA11783-C508-4FE3-87CB-AF7B040913FA}.Debug|Any CPU.ActiveCfg = Debug|x86
		{DBA11783-C508-4FE3-87CB-AF7B040913FA}.Debug|Mixed Platforms.ActiveCfg = Debug|x86
		{DBA11783-C508-4FE3-87CB-AF7B040913FA}.Debug|Mixed Platforms.Build.0 = Debug|x86
		{DBA11783-C508-4FE3-87CB-AF7B040913FA}.Debug|Win32.ActiveCfg = Debug|x86
		{DBA11783-C508-4FE3-87CB-AF7B040913FA}.Debug|Win32.Build.0 = Debug|x86
		{DBA11783-C508-4FE3-87CB-AF7B040913FA}.Debug|x86.ActiveCfg = Debug|x86
		{DBA11783-C508-4FE3-87CB-AF7B040913FA}.Debug|x86.Build.0 = Debug|x86
		{DBA11783-C508-4FE3-87CB-AF7B040913FA}.Release|Any CPU.ActiveCfg = Release|x86
		{DBA11783-C508-4FE3-87CB-AF7B040913FA}.Release|Mixed Platforms.ActiveCfg = Release|x86
		{DBA11783-C508-4FE3-87CB-AF7B040913FA}.Release|Mixed Platforms.Build.0 = Release|x86
		{DBA11783-C508-4FE3-87CB-AF7B040913FA}.Release|Win32.ActiveCfg = Release|x86
		{DBA11783-C508-4FE3-87CB-AF7B040913FA}.Release|Win32.Build.0 = Release|x86
		{DBA11783-C508-4FE3-87CB-AF7B040913FA}.Release|x86.ActiveCfg = Release|x86
		{DBA11783-C508-4FE3-87CB-AF7B040913FA}.Release|x86.Build.0 = Release|x86
		{B175A1D3-BDC7-45D3-86D9-C089536B1681}.Debug|Any CPU.ActiveCfg = Debug|x86
		{B175A1D3-BDC7-45D3-86D9-C089536B1681}.Debug|Mixed Platforms.ActiveCfg = Debug|x86
		{B175A1D3-BDC7-45D3-86D9-C089536B1681}.Debug|Mixed Platforms.Build.0 = Debug|x86
		{B175A1D3-BDC7-45D3-86D9-C089536B1681}.Debug|Win32.ActiveCfg = Debug|x86
		{B175A1D3-BDC7-45D3-86D9-C089536B1681}.Debug|Win32.Build.0 = Debug|x86
		{B175A1D3-BDC7-45D3-86D9-C089536B1681}.Debug|x86.ActiveCfg = Debug|x86
		{B175A1D3-BDC7-45D3-86D9-C089536B1681}.Debug|x86.Build.0 = Debug|x86
		{B175A1D3-BDC7-45D3-86D9-C089536B1681}.Release|Any CPU.ActiveCfg = Release|x86
		{B175A1D3-BDC7-45D3-86D9-C089536B1681}.Release|Mixed Platforms.ActiveCfg = Release|x86
		{B175A1D3-BDC7-45D3-86D9-C089536B1681}.Release|Mixed Platforms.Build.0 = Release|x86
		{B175A1D3-BDC7-45D3-86D9-C089536B1681}.Release|Win32.ActiveCfg = Release|x86
		{B175A1D3-BDC7-45D3-86D9-C089536B1681}.Release|Win32.Build.0 = Release|x86
		{B175A1D3-BDC7-45D3-86D9-C089536B1681}.Release|x86.ActiveCfg = Release|x86
		{B175A1D3-BDC7-45D3-86D9-C089536B1681}.Release|x86.Build.0 = Release|x86
		{635D3C96-C727-4E45-B923-F09BA22BCB60}.Debug|Any CPU.ActiveCfg = Debug|x86
		{635D3C96-C727-4E45-B923-F09BA22BCB60}.Debug|Mixed Platforms.ActiveCfg = Debug|x86
		{635D3C96-C727-4E45-B923-F09BA22BCB60}.Debug|Mixed Platforms.Build.0 = Debug|x86
		{635D3C96-C727-4E45-B923-F09BA22BCB60}.Debug|Win32.ActiveCfg = Debug|x86
		{635D3C96-C727-4E45-B923-F09BA22BCB60}.Debug|Win32.Build.0 = Debug|x86
		{635D3C96-C727-4E45-B923-F09BA22BCB60}.Debug|x86.ActiveCfg = Debug|x86
		{635D3C96-C727-4E45-B923-F09BA22BCB60}.Debug|x86.Build.0 = Debug|x86
		{635D3C96-C727-4E45-B923-F09BA22BCB60}.Release|Any CPU.ActiveCfg = Release|x86
		{635D3C96-C727-4E45-B923-F09BA22BCB60}.Release|Mixed Platforms.ActiveCfg = Release|x86
		{635D3C96-C727-4E45-B923-F09BA22BCB60}.Release|Mixed Platforms.Build.0 = Release|x86
		{635D3C96-C727-4E45-B923-F09BA22BCB60}.Release|Win32.ActiveCfg = Release|x86
		{635D3C96-C727-4E45-B923-F09BA22BCB60}.Release|Win32.Build.0 = Release|x86
		{635D3C96-C727-4E45-B923-F09BA22BCB60}.Release|x86.ActiveCfg = Release|x86
		{635D3C96-C727-4E45-B923-F09BA22BCB60}.Release|x86.Build.0 = Release|x86
		{F41BAE18-ADFB-40C0-B9A7-413A8DEC04C2}.Debug|Any CPU.ActiveCfg = Debug|x86
		{F41BAE18-ADFB-40C0-B9A7-413A8DEC04C2}.Debug|Mixed Platforms.ActiveCfg = Debug|x86
		{F41BAE18-ADFB-40C0-B9A7-413A8DEC04C2}.Debug|Mixed Platforms.Build.0 = Debug|x86
		{F41BAE18-ADFB-40C0-B9A7-413A8DEC04C2}.Debug|Win32.ActiveCfg = Debug|x86
		{F41BAE18-ADFB-40C0-B9A7-413A8DEC04C2}.Debug|Win32.Build.0 = Debug|x86
		{F41BAE18-ADFB-40C0-B9A7-413A8DEC04C2}.Debug|x86.ActiveCfg = Debug|x86
		{F41BAE18-ADFB-40C0-B9A7-413A8DEC04C2}.Debug|x86.Build.0 = Debug|x86
		{F41BAE18-ADFB-40C0-B9A7-413A8DEC04C2}.Release|Any CPU.ActiveCfg = Release|x86
		{F41BAE18-ADFB-40C0-B9A7-413A8DEC04C2}.Release|Mixed Platforms.ActiveCfg = Release|x86
		{F41BAE18-ADFB-40C0-B9A7-413A8DEC04C2}.Release|Mixed Platforms.Build.0 = Release|x86
		{F41BAE18-ADFB-40C0-B9A7-413A8DEC04C2}.Release|Win32.ActiveCfg = Release|x86
		{F41BAE18-ADFB-40C0-B9A7-413A8DEC04C2}.Release|Win32.Build.0 = Release|x86
		{F41BAE18-ADFB-40C0-B9A7-413A8DEC04C2}.Release|x86.ActiveCfg = Release|x86
		{F41BAE18-ADFB-40C0-B9A7-413A8DEC04C2}.Release|x86.Build.0 = Release|x86
		{D828384E-0251-44C4-8BF2-3608FD3DD2CD}.Debug|Any CPU.ActiveCfg = Debug|x86
		{D828384E-0251-44C4-8BF2-3608FD3DD2CD}.Debug|Mixed Platforms.ActiveCfg = Debug|x86
		{D828384E-0251-44C4-8BF2-3608FD3DD2CD}.Debug|Mixed Platforms.Build.0 = Debug|x86
		{D828384E-0251-44C4-8BF2-3608FD3DD2CD}.Debug|Win32.ActiveCfg = Debug|x86
		{D828384E-0251-44C4-8BF2-3608FD3DD2CD}.Debug|Win32.Build.0 = Debug|x86
		{D828384E-0251-44C4-8BF2-3608FD3DD2CD}.Debug|x86.ActiveCfg = Debug|x86
		{D828384E-0251-44C4-8BF2-3608FD3DD2CD}.Debug|x86.Build.0 = Debug|x86
		{D828384E-0251-44C4-8BF2-3608FD3DD2CD}.Release|Any CPU.ActiveCfg = Release|x86
		{D828384E-0251-44C4-8BF2-3608FD3DD2CD}.Release|Mixed Platforms.ActiveCfg = Release|x86
		{D828384E-0251-44C4-8BF2-3608FD3DD2CD}.Release|Mixed Platforms.Build.0 = Release|x86
		{D828384E-0251-44C4-8BF2-3608FD3DD2CD}.Release|Win32.ActiveCfg = Release|x86
		{D828384E-0251-44C4-8BF2-3608FD3DD2CD}.Release|Win32.Build.0 = Release|x86
		{D828384E-0251-44C4-8BF2-3608FD3DD2CD}.Release|x86.ActiveCfg = Release|x86
		{D828384E-0251-44C4-8BF2-3608FD3DD2CD}.Release|x86.Build.0 = Release|x86
		{8967DD06-1E01-4723-9B0D-C4533911CA38}.Debug|Any CPU.ActiveCfg = Debug|x86
		{8967DD06-1E01-4723-9B0D-C4533911CA38}.Debug|Mixed Platforms.ActiveCfg = Debug|x86
		{8967DD06-1E01-4723-9B0D-C4533911CA38}.Debug|Mixed Platforms.Build.0 = Debug|x86
		{8967DD06-1E01-4723-9B0D-C4533911CA38}.Debug|Win32.ActiveCfg = Debug|x86
		{8967DD06-1E01-4723-9B0D-C4533911CA38}.Debug|Win32.Build.0 = Debug|x86
		{8967DD06-1E01-4723-9B0D-C4533911CA38}.Debug|x86.ActiveCfg = Debug|x86
		{8967DD06-1E01-4723-9B0D-C4533911CA38}.Debug|x86.Build.0 = Debug|x86
		{8967DD06-1E01-4723-9B0D-C4533911CA38}.Release|Any CPU.ActiveCfg = Release|x86
		{8967DD06-1E01-4723-9B0D-C4533911CA38}.Release|Mixed Platforms.ActiveCfg = Release|x86
		{8967DD06-1E01-4723-9B0D-C4533911CA38}.Release|Mixed Platforms.Build.0 = Release|x86
		{8967DD06-1E01-4723-9B0D-C4533911CA38}.Release|Win32.ActiveCfg = Release|x86
		{8967DD06-1E01-4723-9B0D-C4533911CA38}.Release|Win32.Build.0 = Release|x86
		{8967DD06-1E01-4723-9B0D-C4533911CA38}.Release|x86.ActiveCfg = Release|x86
		{8967DD06-1E01-4723-9B0D-C4533911CA38}.Release|x86.Build.0 = Release|x86
		{B532F703-2F9D-4111-AB2B-7316C5EF738D}.Debug|Any CPU.ActiveCfg = Debug|Win32
		{B532F703-2F9D-4111-AB2B-7316C5EF738D}.Debug|Mixed Platforms.ActiveCfg = Debug|Win32
		{B532F703-2F9D-4111-AB2B-7316C5EF738D}.Debug|Mixed Platforms.Build.0 = Debug|Win32
		{B532F703-2F9D-4111-AB2B-7316C5EF738D}.Debug|Win32.ActiveCfg = Debug|Win32
		{B532F703-2F9D-4111-AB2B-7316C5EF738D}.Debug|Win32.Build.0 = Debug|Win32
		{B532F703-2F9D-4111-AB2B-7316C5EF738D}.Debug|x86.ActiveCfg = Debug|Win32
		{B532F703-2F9D-4111-AB2B-7316C5EF738D}.Debug|x86.Build.0 = Debug|Win32
		{B532F703-2F9D-4111-AB2B-7316C5EF738D}.Release|Any CPU.ActiveCfg = Release|Win32
		{B532F703-2F9D-4111-AB2B-7316C5EF738D}.Release|Mixed Platforms.ActiveCfg = Release|Win32
		{B532F703-2F9D-4111-AB2B-7316C5EF738D}.Release|Mixed Platforms.Build.0 = Release|Win32
		{B532F703-2F9D-4111-AB2B-7316C5EF738D}.Release|Win32.ActiveCfg = Release|Win32
		{B532F703-2F9D-4111-AB2B-7316C5EF738D}.Release|Win32.Build.0 = Release|Win32
		{B532F703-2F9D-4111-AB2B-7316C5EF738D}.Release|x86.ActiveCfg = Release|Win32
		{B532F703-2F9D-4111-AB2B-7316C5EF738D}.Release|x86.Build.0 = Release|Win32
		{FDFC1DC6-9ECA-4DB1-BA64-FFBC4B8BF4D6}.Debug|Any CPU.ActiveCfg = Debug|Any CPU
		{FDFC1DC6-9ECA-4DB1-BA64-FFBC4B8BF4D6}.Debug|Any CPU.Build.0 = Debug|Any CPU
		{FDFC1DC6-9ECA-4DB1-BA64-FFBC4B8BF4D6}.Debug|Mixed Platforms.ActiveCfg = Debug|Any CPU
		{FDFC1DC6-9ECA-4DB1-BA64-FFBC4B8BF4D6}.Debug|Mixed Platforms.Build.0 = Debug|Any CPU
		{FDFC1DC6-9ECA-4DB1-BA64-FFBC4B8BF4D6}.Debug|Win32.ActiveCfg = Debug|Any CPU
		{FDFC1DC6-9ECA-4DB1-BA64-FFBC4B8BF4D6}.Debug|x86.ActiveCfg = Debug|Any CPU
		{FDFC1DC6-9ECA-4DB1-BA64-FFBC4B8BF4D6}.Release|Any CPU.ActiveCfg = Release|Any CPU
		{FDFC1DC6-9ECA-4DB1-BA64-FFBC4B8BF4D6}.Release|Any CPU.Build.0 = Release|Any CPU
		{FDFC1DC6-9ECA-4DB1-BA64-FFBC4B8BF4D6}.Release|Mixed Platforms.ActiveCfg = Release|Any CPU
		{FDFC1DC6-9ECA-4DB1-BA64-FFBC4B8BF4D6}.Release|Mixed Platforms.Build.0 = Release|Any CPU
		{FDFC1DC6-9ECA-4DB1-BA64-FFBC4B8BF4D6}.Release|Win32.ActiveCfg = Release|Any CPU
		{FDFC1DC6-9ECA-4DB1-BA64-FFBC4B8BF4D6}.Release|x86.ActiveCfg = Release|Any CPU
	EndGlobalSection
	GlobalSection(SolutionProperties) = preSolution
		HideSolutionNode = FALSE
	EndGlobalSection
	GlobalSection(NestedProjects) = preSolution
		{DBA11783-C508-4FE3-87CB-AF7B040913FA} = {3B236806-E0BF-4D8D-81F9-C884F3D78D50}
		{B175A1D3-BDC7-45D3-86D9-C089536B1681} = {3B236806-E0BF-4D8D-81F9-C884F3D78D50}
		{635D3C96-C727-4E45-B923-F09BA22BCB60} = {3B236806-E0BF-4D8D-81F9-C884F3D78D50}
		{F41BAE18-ADFB-40C0-B9A7-413A8DEC04C2} = {3B236806-E0BF-4D8D-81F9-C884F3D78D50}
		{8967DD06-1E01-4723-9B0D-C4533911CA38} = {3B236806-E0BF-4D8D-81F9-C884F3D78D50}
	EndGlobalSection
EndGlobal
